
Microsoft Visual Studio Solution File, Format Version 12.00
# Visual Studio Version 17
VisualStudioVersion = 17.4.33213.308
MinimumVisualStudioVersion = 10.0.40219.1
Project("{2150E333-8FDC-42A3-9474-1A3956D46DE8}") = "01", "01", "{BEB4EDDF-36DC-47A8-B948-721291974BB0}"
EndProject
Project("{FAE04EC0-301F-11D3-BF4B-00C04F79EFBC}") = "01.07.01", "07.1ва задача\01.07.01.csproj", "{DA86F756-1980-4D8F-ACDC-0BD14A11123A}"
EndProject
Project("{FAE04EC0-301F-11D3-BF4B-00C04F79EFBC}") = "01.07.02", "01.07.02\01.07.02.csproj", "{B01FC0FD-A4E6-493C-8531-C868672995B0}"
EndProject
Project("{FAE04EC0-301F-11D3-BF4B-00C04F79EFBC}") = "01.07.03", "01.07.03\01.07.03.csproj", "{FB36DD77-9D72-49B5-BD28-A4F66A67FFDA}"
EndProject
Project("{FAE04EC0-301F-11D3-BF4B-00C04F79EFBC}") = "01.07.04", "01.07.04\01.07.04.csproj", "{DE049902-231F-4D11-9F39-1C09B89DBD38}"
EndProject
Global
	GlobalSection(SolutionConfigurationPlatforms) = preSolution
		Debug|Any CPU = Debug|Any CPU
		Release|Any CPU = Release|Any CPU
	EndGlobalSection
	GlobalSection(ProjectConfigurationPlatforms) = postSolution
		{DA86F756-1980-4D8F-ACDC-0BD14A11123A}.Debug|Any CPU.ActiveCfg = Debug|Any CPU
		{DA86F756-1980-4D8F-ACDC-0BD14A11123A}.Debug|Any CPU.Build.0 = Debug|Any CPU
		{DA86F756-1980-4D8F-ACDC-0BD14A11123A}.Release|Any CPU.ActiveCfg = Release|Any CPU
		{DA86F756-1980-4D8F-ACDC-0BD14A11123A}.Release|Any CPU.Build.0 = Release|Any CPU
		{B01FC0FD-A4E6-493C-8531-C868672995B0}.Debug|Any CPU.ActiveCfg = Debug|Any CPU
		{B01FC0FD-A4E6-493C-8531-C868672995B0}.Debug|Any CPU.Build.0 = Debug|Any CPU
		{B01FC0FD-A4E6-493C-8531-C868672995B0}.Release|Any CPU.ActiveCfg = Release|Any CPU
		{B01FC0FD-A4E6-493C-8531-C868672995B0}.Release|Any CPU.Build.0 = Release|Any CPU
		{FB36DD77-9D72-49B5-BD28-A4F66A67FFDA}.Debug|Any CPU.ActiveCfg = Debug|Any CPU
		{FB36DD77-9D72-49B5-BD28-A4F66A67FFDA}.Debug|Any CPU.Build.0 = Debug|Any CPU
		{FB36DD77-9D72-49B5-BD28-A4F66A67FFDA}.Release|Any CPU.ActiveCfg = Release|Any CPU
		{FB36DD77-9D72-49B5-BD28-A4F66A67FFDA}.Release|Any CPU.Build.0 = Release|Any CPU
		{DE049902-231F-4D11-9F39-1C09B89DBD38}.Debug|Any CPU.ActiveCfg = Debug|Any CPU
		{DE049902-231F-4D11-9F39-1C09B89DBD38}.Debug|Any CPU.Build.0 = Debug|Any CPU
		{DE049902-231F-4D11-9F39-1C09B89DBD38}.Release|Any CPU.ActiveCfg = Release|Any CPU
		{DE049902-231F-4D11-9F39-1C09B89DBD38}.Release|Any CPU.Build.0 = Release|Any CPU
	EndGlobalSection
	GlobalSection(SolutionProperties) = preSolution
		HideSolutionNode = FALSE
	EndGlobalSection
	GlobalSection(NestedProjects) = preSolution
		{DA86F756-1980-4D8F-ACDC-0BD14A11123A} = {BEB4EDDF-36DC-47A8-B948-721291974BB0}
		{B01FC0FD-A4E6-493C-8531-C868672995B0} = {BEB4EDDF-36DC-47A8-B948-721291974BB0}
		{FB36DD77-9D72-49B5-BD28-A4F66A67FFDA} = {BEB4EDDF-36DC-47A8-B948-721291974BB0}
		{DE049902-231F-4D11-9F39-1C09B89DBD38} = {BEB4EDDF-36DC-47A8-B948-721291974BB0}
	EndGlobalSection
	GlobalSection(ExtensibilityGlobals) = postSolution
		SolutionGuid = {2DAFF85D-3841-4F30-9E49-188103577806}
	EndGlobalSection
EndGlobal
